
Microsoft Visual Studio Solution File, Format Version 12.00
# Visual Studio Version 16
VisualStudioVersion = 16.0.31321.278
MinimumVisualStudioVersion = 10.0.40219.1
Project("{FAE04EC0-301F-11D3-BF4B-00C04F79EFBC}") = "NavigationMVVM", "NavigationMVVM\NavigationMVVM.csproj", "{D0F9A249-00ED-4FE7-A28A-C367C5E2C643}"
EndProject
Global
	GlobalSection(SolutionConfigurationPlatforms) = preSolution
		Debug|Any CPU = Debug|Any CPU
		Release|Any CPU = Release|Any CPU
	EndGlobalSection
	GlobalSection(ProjectConfigurationPlatforms) = postSolution
		{D0F9A249-00ED-4FE7-A28A-C367C5E2C643}.Debug|Any CPU.ActiveCfg = Debug|Any CPU
		{D0F9A249-00ED-4FE7-A28A-C367C5E2C643}.Debug|Any CPU.Build.0 = Debug|Any CPU
		{D0F9A249-00ED-4FE7-A28A-C367C5E2C643}.Release|Any CPU.ActiveCfg = Release|Any CPU
		{D0F9A249-00ED-4FE7-A28A-C367C5E2C643}.Release|Any CPU.Build.0 = Release|Any CPU
	EndGlobalSection
	GlobalSection(SolutionProperties) = preSolution
		HideSolutionNode = FALSE
	EndGlobalSection
	GlobalSection(ExtensibilityGlobals) = postSolution
		SolutionGuid = {CF33E7DB-8855-49E8-9375-B38F0EB89518}
	EndGlobalSection
EndGlobal
